// !$*UTF8*$!
{
	archiveVersion = 1;
	classes = {
	};
	objectVersion = 50;
	objects = {

/* Begin PBXBuildFile section */
		1842A817229BC17100446736 /* AppDelegate.m in Sources */ = {isa = PBXBuildFile; fileRef = 1842A816229BC17100446736 /* AppDelegate.m */; };
		1842A81A229BC17100446736 /* ViewController.m in Sources */ = {isa = PBXBuildFile; fileRef = 1842A819229BC17100446736 /* ViewController.m */; };
		1842A81F229BC17200446736 /* Assets.xcassets in Resources */ = {isa = PBXBuildFile; fileRef = 1842A81E229BC17200446736 /* Assets.xcassets */; };
		1842A822229BC17200446736 /* LaunchScreen.storyboard in Resources */ = {isa = PBXBuildFile; fileRef = 1842A820229BC17200446736 /* LaunchScreen.storyboard */; };
		1842A825229BC17200446736 /* main.m in Sources */ = {isa = PBXBuildFile; fileRef = 1842A824229BC17200446736 /* main.m */; };
		1842A82C229BC20800446736 /* ViewController.xib in Resources */ = {isa = PBXBuildFile; fileRef = 1842A82B229BC20800446736 /* ViewController.xib */; };
		1842A830229BC43C00446736 /* SecondViewController.m in Sources */ = {isa = PBXBuildFile; fileRef = 1842A82E229BC43C00446736 /* SecondViewController.m */; };
		1842A831229BC43C00446736 /* SecondViewController.xib in Resources */ = {isa = PBXBuildFile; fileRef = 1842A82F229BC43C00446736 /* SecondViewController.xib */; };
		1842A835229BC55E00446736 /* ThirdViewController.m in Sources */ = {isa = PBXBuildFile; fileRef = 1842A833229BC55E00446736 /* ThirdViewController.m */; };
		1842A836229BC55E00446736 /* ThirdViewController.xib in Resources */ = {isa = PBXBuildFile; fileRef = 1842A834229BC55E00446736 /* ThirdViewController.xib */; };
/* End PBXBuildFile section */

/* Begin PBXFileReference section */
		1842A812229BC17100446736 /* xibDemo.app */ = {isa = PBXFileReference; explicitFileType = wrapper.application; includeInIndex = 0; path = xibDemo.app; sourceTree = BUILT_PRODUCTS_DIR; };
		1842A815229BC17100446736 /* AppDelegate.h */ = {isa = PBXFileReference; lastKnownFileType = sourcecode.c.h; path = AppDelegate.h; sourceTree = "<group>"; };
		1842A816229BC17100446736 /* AppDelegate.m */ = {isa = PBXFileReference; lastKnownFileType = sourcecode.c.objc; path = AppDelegate.m; sourceTree = "<group>"; };
		1842A818229BC17100446736 /* ViewController.h */ = {isa = PBXFileReference; lastKnownFileType = sourcecode.c.h; path = ViewController.h; sourceTree = "<group>"; };
		1842A819229BC17100446736 /* ViewController.m */ = {isa = PBXFileReference; lastKnownFileType = sourcecode.c.objc; path = ViewController.m; sourceTree = "<group>"; };
		1842A81E229BC17200446736 /* Assets.xcassets */ = {isa = PBXFileReference; lastKnownFileType = folder.assetcatalog; path = Assets.xcassets; sourceTree = "<group>"; };
		1842A821229BC17200446736 /* Base */ = {isa = PBXFileReference; lastKnownFileType = file.storyboard; name = Base; path = Base.lproj/LaunchScreen.storyboard; sourceTree = "<group>"; };
		1842A823229BC17200446736 /* Info.plist */ = {isa = PBXFileReference; lastKnownFileType = text.plist.xml; path = Info.plist; sourceTree = "<group>"; };
		1842A824229BC17200446736 /* main.m */ = {isa = PBXFileReference; lastKnownFileType = sourcecode.c.objc; path = main.m; sourceTree = "<group>"; };
		1842A82B229BC20800446736 /* ViewController.xib */ = {isa = PBXFileReference; lastKnownFileType = file.xib; path = ViewController.xib; sourceTree = "<group>"; };
		1842A82D229BC43C00446736 /* SecondViewController.h */ = {isa = PBXFileReference; lastKnownFileType = sourcecode.c.h; path = SecondViewController.h; sourceTree = "<group>"; };
		1842A82E229BC43C00446736 /* SecondViewController.m */ = {isa = PBXFileReference; lastKnownFileType = sourcecode.c.objc; path = SecondViewController.m; sourceTree = "<group>"; };
		1842A82F229BC43C00446736 /* SecondViewController.xib */ = {isa = PBXFileReference; lastKnownFileType = file.xib; path = SecondViewController.xib; sourceTree = "<group>"; };
		1842A832229BC55E00446736 /* ThirdViewController.h */ = {isa = PBXFileReference; lastKnownFileType = sourcecode.c.h; path = ThirdViewController.h; sourceTree = "<group>"; };
		1842A833229BC55E00446736 /* ThirdViewController.m */ = {isa = PBXFileReference; lastKnownFileType = sourcecode.c.objc; path = ThirdViewController.m; sourceTree = "<group>"; };
		1842A834229BC55E00446736 /* ThirdViewController.xib */ = {isa = PBXFileReference; lastKnownFileType = file.xib; path = ThirdViewController.xib; sourceTree = "<group>"; };
/* End PBXFileReference section */

/* Begin PBXFrameworksBuildPhase section */
		1842A80F229BC17000446736 /* Frameworks */ = {
			isa = PBXFrameworksBuildPhase;
			buildActionMask = 2147483647;
			files = (
			);
			runOnlyForDeploymentPostprocessing = 0;
		};
/* End PBXFrameworksBuildPhase section */

/* Begin PBXGroup section */
		1842A809229BC17000446736 = {
			isa = PBXGroup;
			children = (
				1842A814229BC17100446736 /* xibDemo */,
				1842A813229BC17100446736 /* Products */,
			);
			sourceTree = "<group>";
		};
		1842A813229BC17100446736 /* Products */ = {
			isa = PBXGroup;
			children = (
				1842A812229BC17100446736 /* xibDemo.app */,
			);
			name = Products;
			sourceTree = "<group>";
		};
		1842A814229BC17100446736 /* xibDemo */ = {
			isa = PBXGroup;
			children = (
				1842A815229BC17100446736 /* AppDelegate.h */,
				1842A816229BC17100446736 /* AppDelegate.m */,
				1842A818229BC17100446736 /* ViewController.h */,
				1842A819229BC17100446736 /* ViewController.m */,
				1842A82B229BC20800446736 /* ViewController.xib */,
				1842A82D229BC43C00446736 /* SecondViewController.h */,
				1842A82E229BC43C00446736 /* SecondViewController.m */,
				1842A82F229BC43C00446736 /* SecondViewController.xib */,
				1842A832229BC55E00446736 /* ThirdViewController.h */,
				1842A833229BC55E00446736 /* ThirdViewController.m */,
				1842A834229BC55E00446736 /* ThirdViewController.xib */,
				1842A81E229BC17200446736 /* Assets.xcassets */,
				1842A820229BC17200446736 /* LaunchScreen.storyboard */,
				1842A823229BC17200446736 /* Info.plist */,
				1842A824229BC17200446736 /* main.m */,
			);
			path = xibDemo;
			sourceTree = "<group>";
		};
/* End PBXGroup section */

/* Begin PBXNativeTarget section */
		1842A811229BC17000446736 /* xibDemo */ = {
			isa = PBXNativeTarget;
			buildConfigurationList = 1842A828229BC17200446736 /* Build configuration list for PBXNativeTarget "xibDemo" */;
			buildPhases = (
				1842A80E229BC17000446736 /* Sources */,
				1842A80F229BC17000446736 /* Frameworks */,
				1842A810229BC17000446736 /* Resources */,
			);
			buildRules = (
			);
			dependencies = (
			);
			name = xibDemo;
			productName = xibDemo;
			productReference = 1842A812229BC17100446736 /* xibDemo.app */;
			productType = "com.apple.product-type.application";
		};
/* End PBXNativeTarget section */

/* Begin PBXProject section */
		1842A80A229BC17000446736 /* Project object */ = {
			isa = PBXProject;
			attributes = {
				LastUpgradeCheck = 1020;
				ORGANIZATIONNAME = Codekul;
				TargetAttributes = {
					1842A811229BC17000446736 = {
						CreatedOnToolsVersion = 10.2.1;
					};
				};
			};
			buildConfigurationList = 1842A80D229BC17000446736 /* Build configuration list for PBXProject "xibDemo" */;
			compatibilityVersion = "Xcode 9.3";
			developmentRegion = en;
			hasScannedForEncodings = 0;
			knownRegions = (
				en,
				Base,
			);
			mainGroup = 1842A809229BC17000446736;
			productRefGroup = 1842A813229BC17100446736 /* Products */;
			projectDirPath = "";
			projectRoot = "";
			targets = (
				1842A811229BC17000446736 /* xibDemo */,
			);
		};
/* End PBXProject section */

/* Begin PBXResourcesBuildPhase section */
		1842A810229BC17000446736 /* Resources */ = {
			isa = PBXResourcesBuildPhase;
			buildActionMask = 2147483647;
			files = (
				1842A831229BC43C00446736 /* SecondViewController.xib in Resources */,
				1842A822229BC17200446736 /* LaunchScreen.storyboard in Resources */,
				1842A82C229BC20800446736 /* ViewController.xib in Resources */,
				1842A836229BC55E00446736 /* ThirdViewController.xib in Resources */,
				1842A81F229BC17200446736 /* Assets.xcassets in Resources */,
			);
			runOnlyForDeploymentPostprocessing = 0;
		};
/* End PBXResourcesBuildPhase section */

/* Begin PBXSourcesBuildPhase section */
		1842A80E229BC17000446736 /* Sources */ = {
			isa = PBXSourcesBuildPhase;
			buildActionMask = 2147483647;
			files = (
				1842A830229BC43C00446736 /* SecondViewController.m in Sources */,
				1842A835229BC55E00446736 /* ThirdViewController.m in Sources */,
				1842A81A229BC17100446736 /* ViewController.m in Sources */,
				1842A825229BC17200446736 /* main.m in Sources */,
				1842A817229BC17100446736 /* AppDelegate.m in Sources */,
			);
			runOnlyForDeploymentPostprocessing = 0;
		};
/* End PBXSourcesBuildPhase section */

/* Begin PBXVariantGroup section */
		1842A820229BC17200446736 /* LaunchScreen.storyboard */ = {
			isa = PBXVariantGroup;
			children = (
				1842A821229BC17200446736 /* Base */,
			);
			name = LaunchScreen.storyboard;
			sourceTree = "<group>";
		};
/* End PBXVariantGroup section */

/* Begin XCBuildConfiguration section */
		1842A826229BC17200446736 /* Debug */ = {
			isa = XCBuildConfiguration;
			buildSettings = {
				ALWAYS_SEARCH_USER_PATHS = NO;
				CLANG_ANALYZER_NONNULL = YES;
				CLANG_ANALYZER_NUMBER_OBJECT_CONVERSION = YES_AGGRESSIVE;
				CLANG_CXX_LANGUAGE_STANDARD = "gnu++14";
				CLANG_CXX_LIBRARY = "libc++";
				CLANG_ENABLE_MODULES = YES;
				CLANG_ENABLE_OBJC_ARC = YES;
				CLANG_ENABLE_OBJC_WEAK = YES;
				CLANG_WARN_BLOCK_CAPTURE_AUTORELEASING = YES;
				CLANG_WARN_BOOL_CONVERSION = YES;
				CLANG_WARN_COMMA = YES;
				CLANG_WARN_CONSTANT_CONVERSION = YES;
				CLANG_WARN_DEPRECATED_OBJC_IMPLEMENTATIONS = YES;
				CLANG_WARN_DIRECT_OBJC_ISA_USAGE = YES_ERROR;
				CLANG_WARN_DOCUMENTATION_COMMENTS = YES;
				CLANG_WARN_EMPTY_BODY = YES;
				CLANG_WARN_ENUM_CONVERSION = YES;
				CLANG_WARN_INFINITE_RECURSION = YES;
				CLANG_WARN_INT_CONVERSION = YES;
				CLANG_WARN_NON_LITERAL_NULL_CONVERSION = YES;
				CLANG_WARN_OBJC_IMPLICIT_RETAIN_SELF = YES;
				CLANG_WARN_OBJC_LITERAL_CONVERSION = YES;
				CLANG_WARN_OBJC_ROOT_CLASS = YES_ERROR;
				CLANG_WARN_RANGE_LOOP_ANALYSIS = YES;
				CLANG_WARN_STRICT_PROTOTYPES = YES;
				CLANG_WARN_SUSPICIOUS_MOVE = YES;
				CLANG_WARN_UNGUARDED_AVAILABILITY = YES_AGGRESSIVE;
				CLANG_WARN_UNREACHABLE_CODE = YES;
				CLANG_WARN__DUPLICATE_METHOD_MATCH = YES;
				CODE_SIGN_IDENTITY = "iPhone Developer";
				COPY_PHASE_STRIP = NO;
				DEBUG_INFORMATION_FORMAT = dwarf;
				ENABLE_STRICT_OBJC_MSGSEND = YES;
				ENABLE_TESTABILITY = YES;
				GCC_C_LANGUAGE_STANDARD = gnu11;
				GCC_DYNAMIC_NO_PIC = NO;
				GCC_NO_COMMON_BLOCKS = YES;
				GCC_OPTIMIZATION_LEVEL = 0;
				GCC_PREPROCESSOR_DEFINITIONS = (
					"DEBUG=1",
					"$(inherited)",
				);
				GCC_WARN_64_TO_32_BIT_CONVERSION = YES;
				GCC_WARN_ABOUT_RETURN_TYPE = YES_ERROR;
				GCC_WARN_UNDECLARED_SELECTOR = YES;
				GCC_WARN_UNINITIALIZED_AUTOS = YES_AGGRESSIVE;
				GCC_WARN_UNUSED_FUNCTION = YES;
				GCC_WARN_UNUSED_VARIABLE = YES;
				IPHONEOS_DEPLOYMENT_TARGET = 12.2;
				MTL_ENABLE_DEBUG_INFO = INCLUDE_SOURCE;
				MTL_FAST_MATH = YES;
				ONLY_ACTIVE_ARCH = YES;
				SDKROOT = iphoneos;
			};
			name = Debug;
		};
		1842A827229BC17200446736 /* Release */ = {
			isa = XCBuildConfiguration;
			buildSettings = {
				ALWAYS_SEARCH_USER_PATHS = NO;
				CLANG_ANALYZER_NONNULL = YES;
				CLANG_ANALYZER_NUMBER_OBJECT_CONVERSION = YES_AGGRESSIVE;
				CLANG_CXX_LANGUAGE_STANDARD = "gnu++14";
				CLANG_CXX_LIBRARY = "libc++";
				CLANG_ENABLE_MODULES = YES;
				CLANG_ENABLE_OBJC_ARC = YES;
				CLANG_ENABLE_OBJC_WEAK = YES;
				CLANG_WARN_BLOCK_CAPTURE_AUTORELEASING = YES;
				CLANG_WARN_BOOL_CONVERSION = YES;
				CLANG_WARN_COMMA = YES;
				CLANG_WARN_CONSTANT_CONVERSION = YES;
				CLANG_WARN_DEPRECATED_OBJC_IMPLEMENTATIONS = YES;
				CLANG_WARN_DIRECT_OBJC_ISA_USAGE = YES_ERROR;
				CLANG_WARN_DOCUMENTATION_COMMENTS = YES;
				CLANG_WARN_EMPTY_BODY = YES;
				CLANG_WARN_ENUM_CONVERSION = YES;
				CLANG_WARN_INFINITE_RECURSION = YES;
				CLANG_WARN_INT_CONVERSION = YES;
				CLANG_WARN_NON_LITERAL_NULL_CONVERSION = YES;
				CLANG_WARN_OBJC_IMPLICIT_RETAIN_SELF = YES;
				CLANG_WARN_OBJC_LITERAL_CONVERSION = YES;
				CLANG_WARN_OBJC_ROOT_CLASS = YES_ERROR;
				CLANG_WARN_RANGE_LOOP_ANALYSIS = YES;
				CLANG_WARN_STRICT_PROTOTYPES = YES;
				CLANG_WARN_SUSPICIOUS_MOVE = YES;
				CLANG_WARN_UNGUARDED_AVAILABILITY = YES_AGGRESSIVE;
				CLANG_WARN_UNREACHABLE_CODE = YES;
				CLANG_WARN__DUPLICATE_METHOD_MATCH = YES;
				CODE_SIGN_IDENTITY = "iPhone Developer";
				COPY_PHASE_STRIP = NO;
				DEBUG_INFORMATION_FORMAT = "dwarf-with-dsym";
				ENABLE_NS_ASSERTIONS = NO;
				ENABLE_STRICT_OBJC_MSGSEND = YES;
				GCC_C_LANGUAGE_STANDARD = gnu11;
				GCC_NO_COMMON_BLOCKS = YES;
				GCC_WARN_64_TO_32_BIT_CONVERSION = YES;
				GCC_WARN_ABOUT_RETURN_TYPE = YES_ERROR;
				GCC_WARN_UNDECLARED_SELECTOR = YES;
				GCC_WARN_UNINITIALIZED_AUTOS = YES_AGGRESSIVE;
				GCC_WARN_UNUSED_FUNCTION = YES;
				GCC_WARN_UNUSED_VARIABLE = YES;
				IPHONEOS_DEPLOYMENT_TARGET = 12.2;
				MTL_ENABLE_DEBUG_INFO = NO;
				MTL_FAST_MATH = YES;
				SDKROOT = iphoneos;
				VALIDATE_PRODUCT = YES;
			};
			name = Release;
		};
		1842A829229BC17200446736 /* Debug */ = {
			isa = XCBuildConfiguration;
			buildSettings = {
				ASSETCATALOG_COMPILER_APPICON_NAME = AppIcon;
				CODE_SIGN_STYLE = Automatic;
				INFOPLIST_FILE = xibDemo/Info.plist;
				LD_RUNPATH_SEARCH_PATHS = (
					"$(inherited)",
					"@executable_path/Frameworks",
				);
				PRODUCT_BUNDLE_IDENTIFIER = com.codekul.xibDemo;
				PRODUCT_NAME = "$(TARGET_NAME)";
				TARGETED_DEVICE_FAMILY = "1,2";
			};
			name = Debug;
		};
		1842A82A229BC17200446736 /* Release */ = {
			isa = XCBuildConfiguration;
			buildSettings = {
				ASSETCATALOG_COMPILER_APPICON_NAME = AppIcon;
				CODE_SIGN_STYLE = Automatic;
				INFOPLIST_FILE = xibDemo/Info.plist;
				LD_RUNPATH_SEARCH_PATHS = (
					"$(inherited)",
					"@executable_path/Frameworks",
				);
				PRODUCT_BUNDLE_IDENTIFIER = com.codekul.xibDemo;
				PRODUCT_NAME = "$(TARGET_NAME)";
				TARGETED_DEVICE_FAMILY = "1,2";
			};
			name = Release;
		};
/* End XCBuildConfiguration section */

/* Begin XCConfigurationList section */
		1842A80D229BC17000446736 /* Build configuration list for PBXProject "xibDemo" */ = {
			isa = XCConfigurationList;
			buildConfigurations = (
				1842A826229BC17200446736 /* Debug */,
				1842A827229BC17200446736 /* Release */,
			);
			defaultConfigurationIsVisible = 0;
			defaultConfigurationName = Release;
		};
		1842A828229BC17200446736 /* Build configuration list for PBXNativeTarget "xibDemo" */ = {
			isa = XCConfigurationList;
			buildConfigurations = (
				1842A829229BC17200446736 /* Debug */,
				1842A82A229BC17200446736 /* Release */,
			);
			defaultConfigurationIsVisible = 0;
			defaultConfigurationName = Release;
		};
/* End XCConfigurationList section */
	};
	rootObject = 1842A80A229BC17000446736 /* Project object */;
}
