// !$*UTF8*$!
{
	archiveVersion = 1;
	classes = {
	};
	objectVersion = 50;
	objects = {

/* Begin PBXBuildFile section */
		18A7C8F92248F8CD00B3DF1D /* AppDelegate.m in Sources */ = {isa = PBXBuildFile; fileRef = 18A7C8F82248F8CD00B3DF1D /* AppDelegate.m */; };
		18A7C8FC2248F8CD00B3DF1D /* ViewController.m in Sources */ = {isa = PBXBuildFile; fileRef = 18A7C8FB2248F8CD00B3DF1D /* ViewController.m */; };
		18A7C8FF2248F8CD00B3DF1D /* Main.storyboard in Resources */ = {isa = PBXBuildFile; fileRef = 18A7C8FD2248F8CD00B3DF1D /* Main.storyboard */; };
		18A7C9012248F8D000B3DF1D /* Assets.xcassets in Resources */ = {isa = PBXBuildFile; fileRef = 18A7C9002248F8D000B3DF1D /* Assets.xcassets */; };
		18A7C9042248F8D000B3DF1D /* LaunchScreen.storyboard in Resources */ = {isa = PBXBuildFile; fileRef = 18A7C9022248F8D000B3DF1D /* LaunchScreen.storyboard */; };
		18A7C9072248F8D000B3DF1D /* main.m in Sources */ = {isa = PBXBuildFile; fileRef = 18A7C9062248F8D000B3DF1D /* main.m */; };
/* End PBXBuildFile section */

/* Begin PBXFileReference section */
		18A7C8F42248F8CD00B3DF1D /* DatePickerDemo.app */ = {isa = PBXFileReference; explicitFileType = wrapper.application; includeInIndex = 0; path = DatePickerDemo.app; sourceTree = BUILT_PRODUCTS_DIR; };
		18A7C8F72248F8CD00B3DF1D /* AppDelegate.h */ = {isa = PBXFileReference; lastKnownFileType = sourcecode.c.h; path = AppDelegate.h; sourceTree = "<group>"; };
		18A7C8F82248F8CD00B3DF1D /* AppDelegate.m */ = {isa = PBXFileReference; lastKnownFileType = sourcecode.c.objc; path = AppDelegate.m; sourceTree = "<group>"; };
		18A7C8FA2248F8CD00B3DF1D /* ViewController.h */ = {isa = PBXFileReference; lastKnownFileType = sourcecode.c.h; path = ViewController.h; sourceTree = "<group>"; };
		18A7C8FB2248F8CD00B3DF1D /* ViewController.m */ = {isa = PBXFileReference; lastKnownFileType = sourcecode.c.objc; path = ViewController.m; sourceTree = "<group>"; };
		18A7C8FE2248F8CD00B3DF1D /* Base */ = {isa = PBXFileReference; lastKnownFileType = file.storyboard; name = Base; path = Base.lproj/Main.storyboard; sourceTree = "<group>"; };
		18A7C9002248F8D000B3DF1D /* Assets.xcassets */ = {isa = PBXFileReference; lastKnownFileType = folder.assetcatalog; path = Assets.xcassets; sourceTree = "<group>"; };
		18A7C9032248F8D000B3DF1D /* Base */ = {isa = PBXFileReference; lastKnownFileType = file.storyboard; name = Base; path = Base.lproj/LaunchScreen.storyboard; sourceTree = "<group>"; };
		18A7C9052248F8D000B3DF1D /* Info.plist */ = {isa = PBXFileReference; lastKnownFileType = text.plist.xml; path = Info.plist; sourceTree = "<group>"; };
		18A7C9062248F8D000B3DF1D /* main.m */ = {isa = PBXFileReference; lastKnownFileType = sourcecode.c.objc; path = main.m; sourceTree = "<group>"; };
/* End PBXFileReference section */

/* Begin PBXFrameworksBuildPhase section */
		18A7C8F12248F8CD00B3DF1D /* Frameworks */ = {
			isa = PBXFrameworksBuildPhase;
			buildActionMask = 2147483647;
			files = (
			);
			runOnlyForDeploymentPostprocessing = 0;
		};
/* End PBXFrameworksBuildPhase section */

/* Begin PBXGroup section */
		18A7C8EB2248F8CD00B3DF1D = {
			isa = PBXGroup;
			children = (
				18A7C8F62248F8CD00B3DF1D /* DatePickerDemo */,
				18A7C8F52248F8CD00B3DF1D /* Products */,
			);
			sourceTree = "<group>";
		};
		18A7C8F52248F8CD00B3DF1D /* Products */ = {
			isa = PBXGroup;
			children = (
				18A7C8F42248F8CD00B3DF1D /* DatePickerDemo.app */,
			);
			name = Products;
			sourceTree = "<group>";
		};
		18A7C8F62248F8CD00B3DF1D /* DatePickerDemo */ = {
			isa = PBXGroup;
			children = (
				18A7C8F72248F8CD00B3DF1D /* AppDelegate.h */,
				18A7C8F82248F8CD00B3DF1D /* AppDelegate.m */,
				18A7C8FA2248F8CD00B3DF1D /* ViewController.h */,
				18A7C8FB2248F8CD00B3DF1D /* ViewController.m */,
				18A7C8FD2248F8CD00B3DF1D /* Main.storyboard */,
				18A7C9002248F8D000B3DF1D /* Assets.xcassets */,
				18A7C9022248F8D000B3DF1D /* LaunchScreen.storyboard */,
				18A7C9052248F8D000B3DF1D /* Info.plist */,
				18A7C9062248F8D000B3DF1D /* main.m */,
			);
			path = DatePickerDemo;
			sourceTree = "<group>";
		};
/* End PBXGroup section */

/* Begin PBXNativeTarget section */
		18A7C8F32248F8CD00B3DF1D /* DatePickerDemo */ = {
			isa = PBXNativeTarget;
			buildConfigurationList = 18A7C90A2248F8D000B3DF1D /* Build configuration list for PBXNativeTarget "DatePickerDemo" */;
			buildPhases = (
				18A7C8F02248F8CD00B3DF1D /* Sources */,
				18A7C8F12248F8CD00B3DF1D /* Frameworks */,
				18A7C8F22248F8CD00B3DF1D /* Resources */,
			);
			buildRules = (
			);
			dependencies = (
			);
			name = DatePickerDemo;
			productName = DatePickerDemo;
			productReference = 18A7C8F42248F8CD00B3DF1D /* DatePickerDemo.app */;
			productType = "com.apple.product-type.application";
		};
/* End PBXNativeTarget section */

/* Begin PBXProject section */
		18A7C8EC2248F8CD00B3DF1D /* Project object */ = {
			isa = PBXProject;
			attributes = {
				LastUpgradeCheck = 1010;
				ORGANIZATIONNAME = Codekul;
				TargetAttributes = {
					18A7C8F32248F8CD00B3DF1D = {
						CreatedOnToolsVersion = 10.1;
					};
				};
			};
			buildConfigurationList = 18A7C8EF2248F8CD00B3DF1D /* Build configuration list for PBXProject "DatePickerDemo" */;
			compatibilityVersion = "Xcode 9.3";
			developmentRegion = en;
			hasScannedForEncodings = 0;
			knownRegions = (
				en,
				Base,
			);
			mainGroup = 18A7C8EB2248F8CD00B3DF1D;
			productRefGroup = 18A7C8F52248F8CD00B3DF1D /* Products */;
			projectDirPath = "";
			projectRoot = "";
			targets = (
				18A7C8F32248F8CD00B3DF1D /* DatePickerDemo */,
			);
		};
/* End PBXProject section */

/* Begin PBXResourcesBuildPhase section */
		18A7C8F22248F8CD00B3DF1D /* Resources */ = {
			isa = PBXResourcesBuildPhase;
			buildActionMask = 2147483647;
			files = (
				18A7C9042248F8D000B3DF1D /* LaunchScreen.storyboard in Resources */,
				18A7C9012248F8D000B3DF1D /* Assets.xcassets in Resources */,
				18A7C8FF2248F8CD00B3DF1D /* Main.storyboard in Resources */,
			);
			runOnlyForDeploymentPostprocessing = 0;
		};
/* End PBXResourcesBuildPhase section */

/* Begin PBXSourcesBuildPhase section */
		18A7C8F02248F8CD00B3DF1D /* Sources */ = {
			isa = PBXSourcesBuildPhase;
			buildActionMask = 2147483647;
			files = (
				18A7C8FC2248F8CD00B3DF1D /* ViewController.m in Sources */,
				18A7C9072248F8D000B3DF1D /* main.m in Sources */,
				18A7C8F92248F8CD00B3DF1D /* AppDelegate.m in Sources */,
			);
			runOnlyForDeploymentPostprocessing = 0;
		};
/* End PBXSourcesBuildPhase section */

/* Begin PBXVariantGroup section */
		18A7C8FD2248F8CD00B3DF1D /* Main.storyboard */ = {
			isa = PBXVariantGroup;
			children = (
				18A7C8FE2248F8CD00B3DF1D /* Base */,
			);
			name = Main.storyboard;
			sourceTree = "<group>";
		};
		18A7C9022248F8D000B3DF1D /* LaunchScreen.storyboard */ = {
			isa = PBXVariantGroup;
			children = (
				18A7C9032248F8D000B3DF1D /* Base */,
			);
			name = LaunchScreen.storyboard;
			sourceTree = "<group>";
		};
/* End PBXVariantGroup section */

/* Begin XCBuildConfiguration section */
		18A7C9082248F8D000B3DF1D /* Debug */ = {
			isa = XCBuildConfiguration;
			buildSettings = {
				ALWAYS_SEARCH_USER_PATHS = NO;
				CLANG_ANALYZER_NONNULL = YES;
				CLANG_ANALYZER_NUMBER_OBJECT_CONVERSION = YES_AGGRESSIVE;
				CLANG_CXX_LANGUAGE_STANDARD = "gnu++14";
				CLANG_CXX_LIBRARY = "libc++";
				CLANG_ENABLE_MODULES = YES;
				CLANG_ENABLE_OBJC_ARC = YES;
				CLANG_ENABLE_OBJC_WEAK = YES;
				CLANG_WARN_BLOCK_CAPTURE_AUTORELEASING = YES;
				CLANG_WARN_BOOL_CONVERSION = YES;
				CLANG_WARN_COMMA = YES;
				CLANG_WARN_CONSTANT_CONVERSION = YES;
				CLANG_WARN_DEPRECATED_OBJC_IMPLEMENTATIONS = YES;
				CLANG_WARN_DIRECT_OBJC_ISA_USAGE = YES_ERROR;
				CLANG_WARN_DOCUMENTATION_COMMENTS = YES;
				CLANG_WARN_EMPTY_BODY = YES;
				CLANG_WARN_ENUM_CONVERSION = YES;
				CLANG_WARN_INFINITE_RECURSION = YES;
				CLANG_WARN_INT_CONVERSION = YES;
				CLANG_WARN_NON_LITERAL_NULL_CONVERSION = YES;
				CLANG_WARN_OBJC_IMPLICIT_RETAIN_SELF = YES;
				CLANG_WARN_OBJC_LITERAL_CONVERSION = YES;
				CLANG_WARN_OBJC_ROOT_CLASS = YES_ERROR;
				CLANG_WARN_RANGE_LOOP_ANALYSIS = YES;
				CLANG_WARN_STRICT_PROTOTYPES = YES;
				CLANG_WARN_SUSPICIOUS_MOVE = YES;
				CLANG_WARN_UNGUARDED_AVAILABILITY = YES_AGGRESSIVE;
				CLANG_WARN_UNREACHABLE_CODE = YES;
				CLANG_WARN__DUPLICATE_METHOD_MATCH = YES;
				CODE_SIGN_IDENTITY = "iPhone Developer";
				COPY_PHASE_STRIP = NO;
				DEBUG_INFORMATION_FORMAT = dwarf;
				ENABLE_STRICT_OBJC_MSGSEND = YES;
				ENABLE_TESTABILITY = YES;
				GCC_C_LANGUAGE_STANDARD = gnu11;
				GCC_DYNAMIC_NO_PIC = NO;
				GCC_NO_COMMON_BLOCKS = YES;
				GCC_OPTIMIZATION_LEVEL = 0;
				GCC_PREPROCESSOR_DEFINITIONS = (
					"DEBUG=1",
					"$(inherited)",
				);
				GCC_WARN_64_TO_32_BIT_CONVERSION = YES;
				GCC_WARN_ABOUT_RETURN_TYPE = YES_ERROR;
				GCC_WARN_UNDECLARED_SELECTOR = YES;
				GCC_WARN_UNINITIALIZED_AUTOS = YES_AGGRESSIVE;
				GCC_WARN_UNUSED_FUNCTION = YES;
				GCC_WARN_UNUSED_VARIABLE = YES;
				IPHONEOS_DEPLOYMENT_TARGET = 12.1;
				MTL_ENABLE_DEBUG_INFO = INCLUDE_SOURCE;
				MTL_FAST_MATH = YES;
				ONLY_ACTIVE_ARCH = YES;
				SDKROOT = iphoneos;
			};
			name = Debug;
		};
		18A7C9092248F8D000B3DF1D /* Release */ = {
			isa = XCBuildConfiguration;
			buildSettings = {
				ALWAYS_SEARCH_USER_PATHS = NO;
				CLANG_ANALYZER_NONNULL = YES;
				CLANG_ANALYZER_NUMBER_OBJECT_CONVERSION = YES_AGGRESSIVE;
				CLANG_CXX_LANGUAGE_STANDARD = "gnu++14";
				CLANG_CXX_LIBRARY = "libc++";
				CLANG_ENABLE_MODULES = YES;
				CLANG_ENABLE_OBJC_ARC = YES;
				CLANG_ENABLE_OBJC_WEAK = YES;
				CLANG_WARN_BLOCK_CAPTURE_AUTORELEASING = YES;
				CLANG_WARN_BOOL_CONVERSION = YES;
				CLANG_WARN_COMMA = YES;
				CLANG_WARN_CONSTANT_CONVERSION = YES;
				CLANG_WARN_DEPRECATED_OBJC_IMPLEMENTATIONS = YES;
				CLANG_WARN_DIRECT_OBJC_ISA_USAGE = YES_ERROR;
				CLANG_WARN_DOCUMENTATION_COMMENTS = YES;
				CLANG_WARN_EMPTY_BODY = YES;
				CLANG_WARN_ENUM_CONVERSION = YES;
				CLANG_WARN_INFINITE_RECURSION = YES;
				CLANG_WARN_INT_CONVERSION = YES;
				CLANG_WARN_NON_LITERAL_NULL_CONVERSION = YES;
				CLANG_WARN_OBJC_IMPLICIT_RETAIN_SELF = YES;
				CLANG_WARN_OBJC_LITERAL_CONVERSION = YES;
				CLANG_WARN_OBJC_ROOT_CLASS = YES_ERROR;
				CLANG_WARN_RANGE_LOOP_ANALYSIS = YES;
				CLANG_WARN_STRICT_PROTOTYPES = YES;
				CLANG_WARN_SUSPICIOUS_MOVE = YES;
				CLANG_WARN_UNGUARDED_AVAILABILITY = YES_AGGRESSIVE;
				CLANG_WARN_UNREACHABLE_CODE = YES;
				CLANG_WARN__DUPLICATE_METHOD_MATCH = YES;
				CODE_SIGN_IDENTITY = "iPhone Developer";
				COPY_PHASE_STRIP = NO;
				DEBUG_INFORMATION_FORMAT = "dwarf-with-dsym";
				ENABLE_NS_ASSERTIONS = NO;
				ENABLE_STRICT_OBJC_MSGSEND = YES;
				GCC_C_LANGUAGE_STANDARD = gnu11;
				GCC_NO_COMMON_BLOCKS = YES;
				GCC_WARN_64_TO_32_BIT_CONVERSION = YES;
				GCC_WARN_ABOUT_RETURN_TYPE = YES_ERROR;
				GCC_WARN_UNDECLARED_SELECTOR = YES;
				GCC_WARN_UNINITIALIZED_AUTOS = YES_AGGRESSIVE;
				GCC_WARN_UNUSED_FUNCTION = YES;
				GCC_WARN_UNUSED_VARIABLE = YES;
				IPHONEOS_DEPLOYMENT_TARGET = 12.1;
				MTL_ENABLE_DEBUG_INFO = NO;
				MTL_FAST_MATH = YES;
				SDKROOT = iphoneos;
				VALIDATE_PRODUCT = YES;
			};
			name = Release;
		};
		18A7C90B2248F8D000B3DF1D /* Debug */ = {
			isa = XCBuildConfiguration;
			buildSettings = {
				ASSETCATALOG_COMPILER_APPICON_NAME = AppIcon;
				CODE_SIGN_STYLE = Automatic;
				INFOPLIST_FILE = DatePickerDemo/Info.plist;
				LD_RUNPATH_SEARCH_PATHS = (
					"$(inherited)",
					"@executable_path/Frameworks",
				);
				PRODUCT_BUNDLE_IDENTIFIER = com.codekul.DatePickerDemo;
				PRODUCT_NAME = "$(TARGET_NAME)";
				TARGETED_DEVICE_FAMILY = "1,2";
			};
			name = Debug;
		};
		18A7C90C2248F8D000B3DF1D /* Release */ = {
			isa = XCBuildConfiguration;
			buildSettings = {
				ASSETCATALOG_COMPILER_APPICON_NAME = AppIcon;
				CODE_SIGN_STYLE = Automatic;
				INFOPLIST_FILE = DatePickerDemo/Info.plist;
				LD_RUNPATH_SEARCH_PATHS = (
					"$(inherited)",
					"@executable_path/Frameworks",
				);
				PRODUCT_BUNDLE_IDENTIFIER = com.codekul.DatePickerDemo;
				PRODUCT_NAME = "$(TARGET_NAME)";
				TARGETED_DEVICE_FAMILY = "1,2";
			};
			name = Release;
		};
/* End XCBuildConfiguration section */

/* Begin XCConfigurationList section */
		18A7C8EF2248F8CD00B3DF1D /* Build configuration list for PBXProject "DatePickerDemo" */ = {
			isa = XCConfigurationList;
			buildConfigurations = (
				18A7C9082248F8D000B3DF1D /* Debug */,
				18A7C9092248F8D000B3DF1D /* Release */,
			);
			defaultConfigurationIsVisible = 0;
			defaultConfigurationName = Release;
		};
		18A7C90A2248F8D000B3DF1D /* Build configuration list for PBXNativeTarget "DatePickerDemo" */ = {
			isa = XCConfigurationList;
			buildConfigurations = (
				18A7C90B2248F8D000B3DF1D /* Debug */,
				18A7C90C2248F8D000B3DF1D /* Release */,
			);
			defaultConfigurationIsVisible = 0;
			defaultConfigurationName = Release;
		};
/* End XCConfigurationList section */
	};
	rootObject = 18A7C8EC2248F8CD00B3DF1D /* Project object */;
}
