// !$*UTF8*$!
{
	archiveVersion = 1;
	classes = {
	};
	objectVersion = 50;
	objects = {

/* Begin PBXBuildFile section */
		18577F94223FC38700B6ECAE /* AppDelegate.m in Sources */ = {isa = PBXBuildFile; fileRef = 18577F93223FC38700B6ECAE /* AppDelegate.m */; };
		18577F97223FC38700B6ECAE /* ViewController.m in Sources */ = {isa = PBXBuildFile; fileRef = 18577F96223FC38700B6ECAE /* ViewController.m */; };
		18577F9A223FC38700B6ECAE /* Main.storyboard in Resources */ = {isa = PBXBuildFile; fileRef = 18577F98223FC38700B6ECAE /* Main.storyboard */; };
		18577F9C223FC38900B6ECAE /* Assets.xcassets in Resources */ = {isa = PBXBuildFile; fileRef = 18577F9B223FC38900B6ECAE /* Assets.xcassets */; };
		18577F9F223FC38900B6ECAE /* LaunchScreen.storyboard in Resources */ = {isa = PBXBuildFile; fileRef = 18577F9D223FC38900B6ECAE /* LaunchScreen.storyboard */; };
		18577FA2223FC38900B6ECAE /* main.m in Sources */ = {isa = PBXBuildFile; fileRef = 18577FA1223FC38900B6ECAE /* main.m */; };
/* End PBXBuildFile section */

/* Begin PBXFileReference section */
		18577F8F223FC38700B6ECAE /* BasicControlsByCode.app */ = {isa = PBXFileReference; explicitFileType = wrapper.application; includeInIndex = 0; path = BasicControlsByCode.app; sourceTree = BUILT_PRODUCTS_DIR; };
		18577F92223FC38700B6ECAE /* AppDelegate.h */ = {isa = PBXFileReference; lastKnownFileType = sourcecode.c.h; path = AppDelegate.h; sourceTree = "<group>"; };
		18577F93223FC38700B6ECAE /* AppDelegate.m */ = {isa = PBXFileReference; lastKnownFileType = sourcecode.c.objc; path = AppDelegate.m; sourceTree = "<group>"; };
		18577F95223FC38700B6ECAE /* ViewController.h */ = {isa = PBXFileReference; lastKnownFileType = sourcecode.c.h; path = ViewController.h; sourceTree = "<group>"; };
		18577F96223FC38700B6ECAE /* ViewController.m */ = {isa = PBXFileReference; lastKnownFileType = sourcecode.c.objc; path = ViewController.m; sourceTree = "<group>"; };
		18577F99223FC38700B6ECAE /* Base */ = {isa = PBXFileReference; lastKnownFileType = file.storyboard; name = Base; path = Base.lproj/Main.storyboard; sourceTree = "<group>"; };
		18577F9B223FC38900B6ECAE /* Assets.xcassets */ = {isa = PBXFileReference; lastKnownFileType = folder.assetcatalog; path = Assets.xcassets; sourceTree = "<group>"; };
		18577F9E223FC38900B6ECAE /* Base */ = {isa = PBXFileReference; lastKnownFileType = file.storyboard; name = Base; path = Base.lproj/LaunchScreen.storyboard; sourceTree = "<group>"; };
		18577FA0223FC38900B6ECAE /* Info.plist */ = {isa = PBXFileReference; lastKnownFileType = text.plist.xml; path = Info.plist; sourceTree = "<group>"; };
		18577FA1223FC38900B6ECAE /* main.m */ = {isa = PBXFileReference; lastKnownFileType = sourcecode.c.objc; path = main.m; sourceTree = "<group>"; };
/* End PBXFileReference section */

/* Begin PBXFrameworksBuildPhase section */
		18577F8C223FC38600B6ECAE /* Frameworks */ = {
			isa = PBXFrameworksBuildPhase;
			buildActionMask = 2147483647;
			files = (
			);
			runOnlyForDeploymentPostprocessing = 0;
		};
/* End PBXFrameworksBuildPhase section */

/* Begin PBXGroup section */
		18577F86223FC38600B6ECAE = {
			isa = PBXGroup;
			children = (
				18577F91223FC38700B6ECAE /* BasicControlsByCode */,
				18577F90223FC38700B6ECAE /* Products */,
			);
			sourceTree = "<group>";
		};
		18577F90223FC38700B6ECAE /* Products */ = {
			isa = PBXGroup;
			children = (
				18577F8F223FC38700B6ECAE /* BasicControlsByCode.app */,
			);
			name = Products;
			sourceTree = "<group>";
		};
		18577F91223FC38700B6ECAE /* BasicControlsByCode */ = {
			isa = PBXGroup;
			children = (
				18577F92223FC38700B6ECAE /* AppDelegate.h */,
				18577F93223FC38700B6ECAE /* AppDelegate.m */,
				18577F95223FC38700B6ECAE /* ViewController.h */,
				18577F96223FC38700B6ECAE /* ViewController.m */,
				18577F98223FC38700B6ECAE /* Main.storyboard */,
				18577F9B223FC38900B6ECAE /* Assets.xcassets */,
				18577F9D223FC38900B6ECAE /* LaunchScreen.storyboard */,
				18577FA0223FC38900B6ECAE /* Info.plist */,
				18577FA1223FC38900B6ECAE /* main.m */,
			);
			path = BasicControlsByCode;
			sourceTree = "<group>";
		};
/* End PBXGroup section */

/* Begin PBXNativeTarget section */
		18577F8E223FC38600B6ECAE /* BasicControlsByCode */ = {
			isa = PBXNativeTarget;
			buildConfigurationList = 18577FA5223FC38900B6ECAE /* Build configuration list for PBXNativeTarget "BasicControlsByCode" */;
			buildPhases = (
				18577F8B223FC38600B6ECAE /* Sources */,
				18577F8C223FC38600B6ECAE /* Frameworks */,
				18577F8D223FC38600B6ECAE /* Resources */,
			);
			buildRules = (
			);
			dependencies = (
			);
			name = BasicControlsByCode;
			productName = BasicControlsByCode;
			productReference = 18577F8F223FC38700B6ECAE /* BasicControlsByCode.app */;
			productType = "com.apple.product-type.application";
		};
/* End PBXNativeTarget section */

/* Begin PBXProject section */
		18577F87223FC38600B6ECAE /* Project object */ = {
			isa = PBXProject;
			attributes = {
				LastUpgradeCheck = 1010;
				ORGANIZATIONNAME = Codekul;
				TargetAttributes = {
					18577F8E223FC38600B6ECAE = {
						CreatedOnToolsVersion = 10.1;
					};
				};
			};
			buildConfigurationList = 18577F8A223FC38600B6ECAE /* Build configuration list for PBXProject "BasicControlsByCode" */;
			compatibilityVersion = "Xcode 9.3";
			developmentRegion = en;
			hasScannedForEncodings = 0;
			knownRegions = (
				en,
				Base,
			);
			mainGroup = 18577F86223FC38600B6ECAE;
			productRefGroup = 18577F90223FC38700B6ECAE /* Products */;
			projectDirPath = "";
			projectRoot = "";
			targets = (
				18577F8E223FC38600B6ECAE /* BasicControlsByCode */,
			);
		};
/* End PBXProject section */

/* Begin PBXResourcesBuildPhase section */
		18577F8D223FC38600B6ECAE /* Resources */ = {
			isa = PBXResourcesBuildPhase;
			buildActionMask = 2147483647;
			files = (
				18577F9F223FC38900B6ECAE /* LaunchScreen.storyboard in Resources */,
				18577F9C223FC38900B6ECAE /* Assets.xcassets in Resources */,
				18577F9A223FC38700B6ECAE /* Main.storyboard in Resources */,
			);
			runOnlyForDeploymentPostprocessing = 0;
		};
/* End PBXResourcesBuildPhase section */

/* Begin PBXSourcesBuildPhase section */
		18577F8B223FC38600B6ECAE /* Sources */ = {
			isa = PBXSourcesBuildPhase;
			buildActionMask = 2147483647;
			files = (
				18577F97223FC38700B6ECAE /* ViewController.m in Sources */,
				18577FA2223FC38900B6ECAE /* main.m in Sources */,
				18577F94223FC38700B6ECAE /* AppDelegate.m in Sources */,
			);
			runOnlyForDeploymentPostprocessing = 0;
		};
/* End PBXSourcesBuildPhase section */

/* Begin PBXVariantGroup section */
		18577F98223FC38700B6ECAE /* Main.storyboard */ = {
			isa = PBXVariantGroup;
			children = (
				18577F99223FC38700B6ECAE /* Base */,
			);
			name = Main.storyboard;
			sourceTree = "<group>";
		};
		18577F9D223FC38900B6ECAE /* LaunchScreen.storyboard */ = {
			isa = PBXVariantGroup;
			children = (
				18577F9E223FC38900B6ECAE /* Base */,
			);
			name = LaunchScreen.storyboard;
			sourceTree = "<group>";
		};
/* End PBXVariantGroup section */

/* Begin XCBuildConfiguration section */
		18577FA3223FC38900B6ECAE /* Debug */ = {
			isa = XCBuildConfiguration;
			buildSettings = {
				ALWAYS_SEARCH_USER_PATHS = NO;
				CLANG_ANALYZER_NONNULL = YES;
				CLANG_ANALYZER_NUMBER_OBJECT_CONVERSION = YES_AGGRESSIVE;
				CLANG_CXX_LANGUAGE_STANDARD = "gnu++14";
				CLANG_CXX_LIBRARY = "libc++";
				CLANG_ENABLE_MODULES = YES;
				CLANG_ENABLE_OBJC_ARC = YES;
				CLANG_ENABLE_OBJC_WEAK = YES;
				CLANG_WARN_BLOCK_CAPTURE_AUTORELEASING = YES;
				CLANG_WARN_BOOL_CONVERSION = YES;
				CLANG_WARN_COMMA = YES;
				CLANG_WARN_CONSTANT_CONVERSION = YES;
				CLANG_WARN_DEPRECATED_OBJC_IMPLEMENTATIONS = YES;
				CLANG_WARN_DIRECT_OBJC_ISA_USAGE = YES_ERROR;
				CLANG_WARN_DOCUMENTATION_COMMENTS = YES;
				CLANG_WARN_EMPTY_BODY = YES;
				CLANG_WARN_ENUM_CONVERSION = YES;
				CLANG_WARN_INFINITE_RECURSION = YES;
				CLANG_WARN_INT_CONVERSION = YES;
				CLANG_WARN_NON_LITERAL_NULL_CONVERSION = YES;
				CLANG_WARN_OBJC_IMPLICIT_RETAIN_SELF = YES;
				CLANG_WARN_OBJC_LITERAL_CONVERSION = YES;
				CLANG_WARN_OBJC_ROOT_CLASS = YES_ERROR;
				CLANG_WARN_RANGE_LOOP_ANALYSIS = YES;
				CLANG_WARN_STRICT_PROTOTYPES = YES;
				CLANG_WARN_SUSPICIOUS_MOVE = YES;
				CLANG_WARN_UNGUARDED_AVAILABILITY = YES_AGGRESSIVE;
				CLANG_WARN_UNREACHABLE_CODE = YES;
				CLANG_WARN__DUPLICATE_METHOD_MATCH = YES;
				CODE_SIGN_IDENTITY = "iPhone Developer";
				COPY_PHASE_STRIP = NO;
				DEBUG_INFORMATION_FORMAT = dwarf;
				ENABLE_STRICT_OBJC_MSGSEND = YES;
				ENABLE_TESTABILITY = YES;
				GCC_C_LANGUAGE_STANDARD = gnu11;
				GCC_DYNAMIC_NO_PIC = NO;
				GCC_NO_COMMON_BLOCKS = YES;
				GCC_OPTIMIZATION_LEVEL = 0;
				GCC_PREPROCESSOR_DEFINITIONS = (
					"DEBUG=1",
					"$(inherited)",
				);
				GCC_WARN_64_TO_32_BIT_CONVERSION = YES;
				GCC_WARN_ABOUT_RETURN_TYPE = YES_ERROR;
				GCC_WARN_UNDECLARED_SELECTOR = YES;
				GCC_WARN_UNINITIALIZED_AUTOS = YES_AGGRESSIVE;
				GCC_WARN_UNUSED_FUNCTION = YES;
				GCC_WARN_UNUSED_VARIABLE = YES;
				IPHONEOS_DEPLOYMENT_TARGET = 12.1;
				MTL_ENABLE_DEBUG_INFO = INCLUDE_SOURCE;
				MTL_FAST_MATH = YES;
				ONLY_ACTIVE_ARCH = YES;
				SDKROOT = iphoneos;
			};
			name = Debug;
		};
		18577FA4223FC38900B6ECAE /* Release */ = {
			isa = XCBuildConfiguration;
			buildSettings = {
				ALWAYS_SEARCH_USER_PATHS = NO;
				CLANG_ANALYZER_NONNULL = YES;
				CLANG_ANALYZER_NUMBER_OBJECT_CONVERSION = YES_AGGRESSIVE;
				CLANG_CXX_LANGUAGE_STANDARD = "gnu++14";
				CLANG_CXX_LIBRARY = "libc++";
				CLANG_ENABLE_MODULES = YES;
				CLANG_ENABLE_OBJC_ARC = YES;
				CLANG_ENABLE_OBJC_WEAK = YES;
				CLANG_WARN_BLOCK_CAPTURE_AUTORELEASING = YES;
				CLANG_WARN_BOOL_CONVERSION = YES;
				CLANG_WARN_COMMA = YES;
				CLANG_WARN_CONSTANT_CONVERSION = YES;
				CLANG_WARN_DEPRECATED_OBJC_IMPLEMENTATIONS = YES;
				CLANG_WARN_DIRECT_OBJC_ISA_USAGE = YES_ERROR;
				CLANG_WARN_DOCUMENTATION_COMMENTS = YES;
				CLANG_WARN_EMPTY_BODY = YES;
				CLANG_WARN_ENUM_CONVERSION = YES;
				CLANG_WARN_INFINITE_RECURSION = YES;
				CLANG_WARN_INT_CONVERSION = YES;
				CLANG_WARN_NON_LITERAL_NULL_CONVERSION = YES;
				CLANG_WARN_OBJC_IMPLICIT_RETAIN_SELF = YES;
				CLANG_WARN_OBJC_LITERAL_CONVERSION = YES;
				CLANG_WARN_OBJC_ROOT_CLASS = YES_ERROR;
				CLANG_WARN_RANGE_LOOP_ANALYSIS = YES;
				CLANG_WARN_STRICT_PROTOTYPES = YES;
				CLANG_WARN_SUSPICIOUS_MOVE = YES;
				CLANG_WARN_UNGUARDED_AVAILABILITY = YES_AGGRESSIVE;
				CLANG_WARN_UNREACHABLE_CODE = YES;
				CLANG_WARN__DUPLICATE_METHOD_MATCH = YES;
				CODE_SIGN_IDENTITY = "iPhone Developer";
				COPY_PHASE_STRIP = NO;
				DEBUG_INFORMATION_FORMAT = "dwarf-with-dsym";
				ENABLE_NS_ASSERTIONS = NO;
				ENABLE_STRICT_OBJC_MSGSEND = YES;
				GCC_C_LANGUAGE_STANDARD = gnu11;
				GCC_NO_COMMON_BLOCKS = YES;
				GCC_WARN_64_TO_32_BIT_CONVERSION = YES;
				GCC_WARN_ABOUT_RETURN_TYPE = YES_ERROR;
				GCC_WARN_UNDECLARED_SELECTOR = YES;
				GCC_WARN_UNINITIALIZED_AUTOS = YES_AGGRESSIVE;
				GCC_WARN_UNUSED_FUNCTION = YES;
				GCC_WARN_UNUSED_VARIABLE = YES;
				IPHONEOS_DEPLOYMENT_TARGET = 12.1;
				MTL_ENABLE_DEBUG_INFO = NO;
				MTL_FAST_MATH = YES;
				SDKROOT = iphoneos;
				VALIDATE_PRODUCT = YES;
			};
			name = Release;
		};
		18577FA6223FC38900B6ECAE /* Debug */ = {
			isa = XCBuildConfiguration;
			buildSettings = {
				ASSETCATALOG_COMPILER_APPICON_NAME = AppIcon;
				CODE_SIGN_STYLE = Automatic;
				INFOPLIST_FILE = BasicControlsByCode/Info.plist;
				LD_RUNPATH_SEARCH_PATHS = (
					"$(inherited)",
					"@executable_path/Frameworks",
				);
				PRODUCT_BUNDLE_IDENTIFIER = com.codekul.BasicControlsByCode;
				PRODUCT_NAME = "$(TARGET_NAME)";
				TARGETED_DEVICE_FAMILY = "1,2";
			};
			name = Debug;
		};
		18577FA7223FC38900B6ECAE /* Release */ = {
			isa = XCBuildConfiguration;
			buildSettings = {
				ASSETCATALOG_COMPILER_APPICON_NAME = AppIcon;
				CODE_SIGN_STYLE = Automatic;
				INFOPLIST_FILE = BasicControlsByCode/Info.plist;
				LD_RUNPATH_SEARCH_PATHS = (
					"$(inherited)",
					"@executable_path/Frameworks",
				);
				PRODUCT_BUNDLE_IDENTIFIER = com.codekul.BasicControlsByCode;
				PRODUCT_NAME = "$(TARGET_NAME)";
				TARGETED_DEVICE_FAMILY = "1,2";
			};
			name = Release;
		};
/* End XCBuildConfiguration section */

/* Begin XCConfigurationList section */
		18577F8A223FC38600B6ECAE /* Build configuration list for PBXProject "BasicControlsByCode" */ = {
			isa = XCConfigurationList;
			buildConfigurations = (
				18577FA3223FC38900B6ECAE /* Debug */,
				18577FA4223FC38900B6ECAE /* Release */,
			);
			defaultConfigurationIsVisible = 0;
			defaultConfigurationName = Release;
		};
		18577FA5223FC38900B6ECAE /* Build configuration list for PBXNativeTarget "BasicControlsByCode" */ = {
			isa = XCConfigurationList;
			buildConfigurations = (
				18577FA6223FC38900B6ECAE /* Debug */,
				18577FA7223FC38900B6ECAE /* Release */,
			);
			defaultConfigurationIsVisible = 0;
			defaultConfigurationName = Release;
		};
/* End XCConfigurationList section */
	};
	rootObject = 18577F87223FC38600B6ECAE /* Project object */;
}
