// !$*UTF8*$!
{
	archiveVersion = 1;
	classes = {
	};
	objectVersion = 50;
	objects = {

/* Begin PBXBuildFile section */
		18D6A541229FA3FC0099A7BF /* AppDelegate.m in Sources */ = {isa = PBXBuildFile; fileRef = 18D6A540229FA3FC0099A7BF /* AppDelegate.m */; };
		18D6A544229FA3FC0099A7BF /* ViewController.m in Sources */ = {isa = PBXBuildFile; fileRef = 18D6A543229FA3FC0099A7BF /* ViewController.m */; };
		18D6A547229FA3FC0099A7BF /* Main.storyboard in Resources */ = {isa = PBXBuildFile; fileRef = 18D6A545229FA3FC0099A7BF /* Main.storyboard */; };
		18D6A549229FA3FD0099A7BF /* Assets.xcassets in Resources */ = {isa = PBXBuildFile; fileRef = 18D6A548229FA3FD0099A7BF /* Assets.xcassets */; };
		18D6A54C229FA3FD0099A7BF /* LaunchScreen.storyboard in Resources */ = {isa = PBXBuildFile; fileRef = 18D6A54A229FA3FD0099A7BF /* LaunchScreen.storyboard */; };
		18D6A54F229FA3FD0099A7BF /* main.m in Sources */ = {isa = PBXBuildFile; fileRef = 18D6A54E229FA3FD0099A7BF /* main.m */; };
/* End PBXBuildFile section */

/* Begin PBXFileReference section */
		18D6A53C229FA3FC0099A7BF /* AutolayoutDemo1.app */ = {isa = PBXFileReference; explicitFileType = wrapper.application; includeInIndex = 0; path = AutolayoutDemo1.app; sourceTree = BUILT_PRODUCTS_DIR; };
		18D6A53F229FA3FC0099A7BF /* AppDelegate.h */ = {isa = PBXFileReference; lastKnownFileType = sourcecode.c.h; path = AppDelegate.h; sourceTree = "<group>"; };
		18D6A540229FA3FC0099A7BF /* AppDelegate.m */ = {isa = PBXFileReference; lastKnownFileType = sourcecode.c.objc; path = AppDelegate.m; sourceTree = "<group>"; };
		18D6A542229FA3FC0099A7BF /* ViewController.h */ = {isa = PBXFileReference; lastKnownFileType = sourcecode.c.h; path = ViewController.h; sourceTree = "<group>"; };
		18D6A543229FA3FC0099A7BF /* ViewController.m */ = {isa = PBXFileReference; lastKnownFileType = sourcecode.c.objc; path = ViewController.m; sourceTree = "<group>"; };
		18D6A546229FA3FC0099A7BF /* Base */ = {isa = PBXFileReference; lastKnownFileType = file.storyboard; name = Base; path = Base.lproj/Main.storyboard; sourceTree = "<group>"; };
		18D6A548229FA3FD0099A7BF /* Assets.xcassets */ = {isa = PBXFileReference; lastKnownFileType = folder.assetcatalog; path = Assets.xcassets; sourceTree = "<group>"; };
		18D6A54B229FA3FD0099A7BF /* Base */ = {isa = PBXFileReference; lastKnownFileType = file.storyboard; name = Base; path = Base.lproj/LaunchScreen.storyboard; sourceTree = "<group>"; };
		18D6A54D229FA3FD0099A7BF /* Info.plist */ = {isa = PBXFileReference; lastKnownFileType = text.plist.xml; path = Info.plist; sourceTree = "<group>"; };
		18D6A54E229FA3FD0099A7BF /* main.m */ = {isa = PBXFileReference; lastKnownFileType = sourcecode.c.objc; path = main.m; sourceTree = "<group>"; };
/* End PBXFileReference section */

/* Begin PBXFrameworksBuildPhase section */
		18D6A539229FA3FC0099A7BF /* Frameworks */ = {
			isa = PBXFrameworksBuildPhase;
			buildActionMask = 2147483647;
			files = (
			);
			runOnlyForDeploymentPostprocessing = 0;
		};
/* End PBXFrameworksBuildPhase section */

/* Begin PBXGroup section */
		18D6A533229FA3FC0099A7BF = {
			isa = PBXGroup;
			children = (
				18D6A53E229FA3FC0099A7BF /* AutolayoutDemo1 */,
				18D6A53D229FA3FC0099A7BF /* Products */,
			);
			sourceTree = "<group>";
		};
		18D6A53D229FA3FC0099A7BF /* Products */ = {
			isa = PBXGroup;
			children = (
				18D6A53C229FA3FC0099A7BF /* AutolayoutDemo1.app */,
			);
			name = Products;
			sourceTree = "<group>";
		};
		18D6A53E229FA3FC0099A7BF /* AutolayoutDemo1 */ = {
			isa = PBXGroup;
			children = (
				18D6A53F229FA3FC0099A7BF /* AppDelegate.h */,
				18D6A540229FA3FC0099A7BF /* AppDelegate.m */,
				18D6A542229FA3FC0099A7BF /* ViewController.h */,
				18D6A543229FA3FC0099A7BF /* ViewController.m */,
				18D6A545229FA3FC0099A7BF /* Main.storyboard */,
				18D6A548229FA3FD0099A7BF /* Assets.xcassets */,
				18D6A54A229FA3FD0099A7BF /* LaunchScreen.storyboard */,
				18D6A54D229FA3FD0099A7BF /* Info.plist */,
				18D6A54E229FA3FD0099A7BF /* main.m */,
			);
			path = AutolayoutDemo1;
			sourceTree = "<group>";
		};
/* End PBXGroup section */

/* Begin PBXNativeTarget section */
		18D6A53B229FA3FC0099A7BF /* AutolayoutDemo1 */ = {
			isa = PBXNativeTarget;
			buildConfigurationList = 18D6A552229FA3FD0099A7BF /* Build configuration list for PBXNativeTarget "AutolayoutDemo1" */;
			buildPhases = (
				18D6A538229FA3FC0099A7BF /* Sources */,
				18D6A539229FA3FC0099A7BF /* Frameworks */,
				18D6A53A229FA3FC0099A7BF /* Resources */,
			);
			buildRules = (
			);
			dependencies = (
			);
			name = AutolayoutDemo1;
			productName = AutolayoutDemo1;
			productReference = 18D6A53C229FA3FC0099A7BF /* AutolayoutDemo1.app */;
			productType = "com.apple.product-type.application";
		};
/* End PBXNativeTarget section */

/* Begin PBXProject section */
		18D6A534229FA3FC0099A7BF /* Project object */ = {
			isa = PBXProject;
			attributes = {
				LastUpgradeCheck = 1020;
				ORGANIZATIONNAME = Codekul;
				TargetAttributes = {
					18D6A53B229FA3FC0099A7BF = {
						CreatedOnToolsVersion = 10.2.1;
					};
				};
			};
			buildConfigurationList = 18D6A537229FA3FC0099A7BF /* Build configuration list for PBXProject "AutolayoutDemo1" */;
			compatibilityVersion = "Xcode 9.3";
			developmentRegion = en;
			hasScannedForEncodings = 0;
			knownRegions = (
				en,
				Base,
			);
			mainGroup = 18D6A533229FA3FC0099A7BF;
			productRefGroup = 18D6A53D229FA3FC0099A7BF /* Products */;
			projectDirPath = "";
			projectRoot = "";
			targets = (
				18D6A53B229FA3FC0099A7BF /* AutolayoutDemo1 */,
			);
		};
/* End PBXProject section */

/* Begin PBXResourcesBuildPhase section */
		18D6A53A229FA3FC0099A7BF /* Resources */ = {
			isa = PBXResourcesBuildPhase;
			buildActionMask = 2147483647;
			files = (
				18D6A54C229FA3FD0099A7BF /* LaunchScreen.storyboard in Resources */,
				18D6A549229FA3FD0099A7BF /* Assets.xcassets in Resources */,
				18D6A547229FA3FC0099A7BF /* Main.storyboard in Resources */,
			);
			runOnlyForDeploymentPostprocessing = 0;
		};
/* End PBXResourcesBuildPhase section */

/* Begin PBXSourcesBuildPhase section */
		18D6A538229FA3FC0099A7BF /* Sources */ = {
			isa = PBXSourcesBuildPhase;
			buildActionMask = 2147483647;
			files = (
				18D6A544229FA3FC0099A7BF /* ViewController.m in Sources */,
				18D6A54F229FA3FD0099A7BF /* main.m in Sources */,
				18D6A541229FA3FC0099A7BF /* AppDelegate.m in Sources */,
			);
			runOnlyForDeploymentPostprocessing = 0;
		};
/* End PBXSourcesBuildPhase section */

/* Begin PBXVariantGroup section */
		18D6A545229FA3FC0099A7BF /* Main.storyboard */ = {
			isa = PBXVariantGroup;
			children = (
				18D6A546229FA3FC0099A7BF /* Base */,
			);
			name = Main.storyboard;
			sourceTree = "<group>";
		};
		18D6A54A229FA3FD0099A7BF /* LaunchScreen.storyboard */ = {
			isa = PBXVariantGroup;
			children = (
				18D6A54B229FA3FD0099A7BF /* Base */,
			);
			name = LaunchScreen.storyboard;
			sourceTree = "<group>";
		};
/* End PBXVariantGroup section */

/* Begin XCBuildConfiguration section */
		18D6A550229FA3FD0099A7BF /* Debug */ = {
			isa = XCBuildConfiguration;
			buildSettings = {
				ALWAYS_SEARCH_USER_PATHS = NO;
				CLANG_ANALYZER_NONNULL = YES;
				CLANG_ANALYZER_NUMBER_OBJECT_CONVERSION = YES_AGGRESSIVE;
				CLANG_CXX_LANGUAGE_STANDARD = "gnu++14";
				CLANG_CXX_LIBRARY = "libc++";
				CLANG_ENABLE_MODULES = YES;
				CLANG_ENABLE_OBJC_ARC = YES;
				CLANG_ENABLE_OBJC_WEAK = YES;
				CLANG_WARN_BLOCK_CAPTURE_AUTORELEASING = YES;
				CLANG_WARN_BOOL_CONVERSION = YES;
				CLANG_WARN_COMMA = YES;
				CLANG_WARN_CONSTANT_CONVERSION = YES;
				CLANG_WARN_DEPRECATED_OBJC_IMPLEMENTATIONS = YES;
				CLANG_WARN_DIRECT_OBJC_ISA_USAGE = YES_ERROR;
				CLANG_WARN_DOCUMENTATION_COMMENTS = YES;
				CLANG_WARN_EMPTY_BODY = YES;
				CLANG_WARN_ENUM_CONVERSION = YES;
				CLANG_WARN_INFINITE_RECURSION = YES;
				CLANG_WARN_INT_CONVERSION = YES;
				CLANG_WARN_NON_LITERAL_NULL_CONVERSION = YES;
				CLANG_WARN_OBJC_IMPLICIT_RETAIN_SELF = YES;
				CLANG_WARN_OBJC_LITERAL_CONVERSION = YES;
				CLANG_WARN_OBJC_ROOT_CLASS = YES_ERROR;
				CLANG_WARN_RANGE_LOOP_ANALYSIS = YES;
				CLANG_WARN_STRICT_PROTOTYPES = YES;
				CLANG_WARN_SUSPICIOUS_MOVE = YES;
				CLANG_WARN_UNGUARDED_AVAILABILITY = YES_AGGRESSIVE;
				CLANG_WARN_UNREACHABLE_CODE = YES;
				CLANG_WARN__DUPLICATE_METHOD_MATCH = YES;
				CODE_SIGN_IDENTITY = "iPhone Developer";
				COPY_PHASE_STRIP = NO;
				DEBUG_INFORMATION_FORMAT = dwarf;
				ENABLE_STRICT_OBJC_MSGSEND = YES;
				ENABLE_TESTABILITY = YES;
				GCC_C_LANGUAGE_STANDARD = gnu11;
				GCC_DYNAMIC_NO_PIC = NO;
				GCC_NO_COMMON_BLOCKS = YES;
				GCC_OPTIMIZATION_LEVEL = 0;
				GCC_PREPROCESSOR_DEFINITIONS = (
					"DEBUG=1",
					"$(inherited)",
				);
				GCC_WARN_64_TO_32_BIT_CONVERSION = YES;
				GCC_WARN_ABOUT_RETURN_TYPE = YES_ERROR;
				GCC_WARN_UNDECLARED_SELECTOR = YES;
				GCC_WARN_UNINITIALIZED_AUTOS = YES_AGGRESSIVE;
				GCC_WARN_UNUSED_FUNCTION = YES;
				GCC_WARN_UNUSED_VARIABLE = YES;
				IPHONEOS_DEPLOYMENT_TARGET = 12.2;
				MTL_ENABLE_DEBUG_INFO = INCLUDE_SOURCE;
				MTL_FAST_MATH = YES;
				ONLY_ACTIVE_ARCH = YES;
				SDKROOT = iphoneos;
			};
			name = Debug;
		};
		18D6A551229FA3FD0099A7BF /* Release */ = {
			isa = XCBuildConfiguration;
			buildSettings = {
				ALWAYS_SEARCH_USER_PATHS = NO;
				CLANG_ANALYZER_NONNULL = YES;
				CLANG_ANALYZER_NUMBER_OBJECT_CONVERSION = YES_AGGRESSIVE;
				CLANG_CXX_LANGUAGE_STANDARD = "gnu++14";
				CLANG_CXX_LIBRARY = "libc++";
				CLANG_ENABLE_MODULES = YES;
				CLANG_ENABLE_OBJC_ARC = YES;
				CLANG_ENABLE_OBJC_WEAK = YES;
				CLANG_WARN_BLOCK_CAPTURE_AUTORELEASING = YES;
				CLANG_WARN_BOOL_CONVERSION = YES;
				CLANG_WARN_COMMA = YES;
				CLANG_WARN_CONSTANT_CONVERSION = YES;
				CLANG_WARN_DEPRECATED_OBJC_IMPLEMENTATIONS = YES;
				CLANG_WARN_DIRECT_OBJC_ISA_USAGE = YES_ERROR;
				CLANG_WARN_DOCUMENTATION_COMMENTS = YES;
				CLANG_WARN_EMPTY_BODY = YES;
				CLANG_WARN_ENUM_CONVERSION = YES;
				CLANG_WARN_INFINITE_RECURSION = YES;
				CLANG_WARN_INT_CONVERSION = YES;
				CLANG_WARN_NON_LITERAL_NULL_CONVERSION = YES;
				CLANG_WARN_OBJC_IMPLICIT_RETAIN_SELF = YES;
				CLANG_WARN_OBJC_LITERAL_CONVERSION = YES;
				CLANG_WARN_OBJC_ROOT_CLASS = YES_ERROR;
				CLANG_WARN_RANGE_LOOP_ANALYSIS = YES;
				CLANG_WARN_STRICT_PROTOTYPES = YES;
				CLANG_WARN_SUSPICIOUS_MOVE = YES;
				CLANG_WARN_UNGUARDED_AVAILABILITY = YES_AGGRESSIVE;
				CLANG_WARN_UNREACHABLE_CODE = YES;
				CLANG_WARN__DUPLICATE_METHOD_MATCH = YES;
				CODE_SIGN_IDENTITY = "iPhone Developer";
				COPY_PHASE_STRIP = NO;
				DEBUG_INFORMATION_FORMAT = "dwarf-with-dsym";
				ENABLE_NS_ASSERTIONS = NO;
				ENABLE_STRICT_OBJC_MSGSEND = YES;
				GCC_C_LANGUAGE_STANDARD = gnu11;
				GCC_NO_COMMON_BLOCKS = YES;
				GCC_WARN_64_TO_32_BIT_CONVERSION = YES;
				GCC_WARN_ABOUT_RETURN_TYPE = YES_ERROR;
				GCC_WARN_UNDECLARED_SELECTOR = YES;
				GCC_WARN_UNINITIALIZED_AUTOS = YES_AGGRESSIVE;
				GCC_WARN_UNUSED_FUNCTION = YES;
				GCC_WARN_UNUSED_VARIABLE = YES;
				IPHONEOS_DEPLOYMENT_TARGET = 12.2;
				MTL_ENABLE_DEBUG_INFO = NO;
				MTL_FAST_MATH = YES;
				SDKROOT = iphoneos;
				VALIDATE_PRODUCT = YES;
			};
			name = Release;
		};
		18D6A553229FA3FD0099A7BF /* Debug */ = {
			isa = XCBuildConfiguration;
			buildSettings = {
				ASSETCATALOG_COMPILER_APPICON_NAME = AppIcon;
				CODE_SIGN_STYLE = Automatic;
				INFOPLIST_FILE = AutolayoutDemo1/Info.plist;
				LD_RUNPATH_SEARCH_PATHS = (
					"$(inherited)",
					"@executable_path/Frameworks",
				);
				PRODUCT_BUNDLE_IDENTIFIER = com.codekul.AutolayoutDemo1;
				PRODUCT_NAME = "$(TARGET_NAME)";
				TARGETED_DEVICE_FAMILY = "1,2";
			};
			name = Debug;
		};
		18D6A554229FA3FD0099A7BF /* Release */ = {
			isa = XCBuildConfiguration;
			buildSettings = {
				ASSETCATALOG_COMPILER_APPICON_NAME = AppIcon;
				CODE_SIGN_STYLE = Automatic;
				INFOPLIST_FILE = AutolayoutDemo1/Info.plist;
				LD_RUNPATH_SEARCH_PATHS = (
					"$(inherited)",
					"@executable_path/Frameworks",
				);
				PRODUCT_BUNDLE_IDENTIFIER = com.codekul.AutolayoutDemo1;
				PRODUCT_NAME = "$(TARGET_NAME)";
				TARGETED_DEVICE_FAMILY = "1,2";
			};
			name = Release;
		};
/* End XCBuildConfiguration section */

/* Begin XCConfigurationList section */
		18D6A537229FA3FC0099A7BF /* Build configuration list for PBXProject "AutolayoutDemo1" */ = {
			isa = XCConfigurationList;
			buildConfigurations = (
				18D6A550229FA3FD0099A7BF /* Debug */,
				18D6A551229FA3FD0099A7BF /* Release */,
			);
			defaultConfigurationIsVisible = 0;
			defaultConfigurationName = Release;
		};
		18D6A552229FA3FD0099A7BF /* Build configuration list for PBXNativeTarget "AutolayoutDemo1" */ = {
			isa = XCConfigurationList;
			buildConfigurations = (
				18D6A553229FA3FD0099A7BF /* Debug */,
				18D6A554229FA3FD0099A7BF /* Release */,
			);
			defaultConfigurationIsVisible = 0;
			defaultConfigurationName = Release;
		};
/* End XCConfigurationList section */
	};
	rootObject = 18D6A534229FA3FC0099A7BF /* Project object */;
}
